
Microsoft Visual Studio Solution File, Format Version 12.00
# Visual Studio Version 16
VisualStudioVersion = 16.0.30320.27
MinimumVisualStudioVersion = 10.0.40219.1
Project("{FAE04EC0-301F-11D3-BF4B-00C04F79EFBC}") = "QuikAid", "QuikAid\QuikAid.csproj", "{CC1C244E-70A0-4A5C-80A4-8864C237B636}"
EndProject
Global
	GlobalSection(SolutionConfigurationPlatforms) = preSolution
		Debug|Any CPU = Debug|Any CPU
		Release|Any CPU = Release|Any CPU
	EndGlobalSection
	GlobalSection(ProjectConfigurationPlatforms) = postSolution
		{CC1C244E-70A0-4A5C-80A4-8864C237B636}.Debug|Any CPU.ActiveCfg = Debug|Any CPU
		{CC1C244E-70A0-4A5C-80A4-8864C237B636}.Debug|Any CPU.Build.0 = Debug|Any CPU
		{CC1C244E-70A0-4A5C-80A4-8864C237B636}.Release|Any CPU.ActiveCfg = Release|Any CPU
		{CC1C244E-70A0-4A5C-80A4-8864C237B636}.Release|Any CPU.Build.0 = Release|Any CPU
	EndGlobalSection
	GlobalSection(SolutionProperties) = preSolution
		HideSolutionNode = FALSE
	EndGlobalSection
	GlobalSection(ExtensibilityGlobals) = postSolution
		SolutionGuid = {550C3F25-8D79-4689-B57E-435508A3817F}
	EndGlobalSection
EndGlobal
